{
  "name": "leaflet-header",
  "version": "1.0.8",
  "lockfileVersion": 2,
  "requires": true,
  "packages": {
    "": {
      "version": "1.0.8",
      "license": "ISC",
      "dependencies": {
        "rxjs": "^6.6.3",
        "typescript": "^2.9.2"
      }
    },
    "node_modules/rxjs": {
      "version": "6.6.3",
      "resolved": "https://bahnhub.tech.rz.db.de:443/artifactory/api/npm/nodejs-npm-3rdparty/rxjs/-/rxjs-6.6.3.tgz",
      "integrity": "sha1-jKhGNcTaqQDA05Z6buesYCce5VI=",
      "license": "Apache-2.0",
      "dependencies": {
        "tslib": "^1.9.0"
      },
      "engines": {
        "npm": ">=2.0.0"
      }
    },
    "node_modules/tslib": {
      "version": "1.14.1",
      "resolved": "https://bahnhub.tech.rz.db.de:443/artifactory/api/npm/nodejs-npm-3rdparty/tslib/-/tslib-1.14.1.tgz",
      "integrity": "sha1-zy04vcNKE0vK8QkcQfZhni9nLQA=",
      "license": "0BSD"
    },
    "node_modules/typescript": {
      "version": "2.9.2",
      "resolved": "https://bahnhub.tech.rz.db.de:443/artifactory/api/npm/nodejs-npm-3rdparty/typescript/-/typescript-2.9.2.tgz",
      "integrity": "sha1-HL9h0F1rliaSROtqO85L2RTg8Aw=",
      "license": "Apache-2.0",
      "bin": {
        "tsc": "bin/tsc",
        "tsserver": "bin/tsserver"
      },
      "engines": {
        "node": ">=4.2.0"
      }
    }
  },
  "dependencies": {
    "rxjs": {
      "version": "6.6.3",
      "resolved": "https://bahnhub.tech.rz.db.de:443/artifactory/api/npm/nodejs-npm-3rdparty/rxjs/-/rxjs-6.6.3.tgz",
      "integrity": "sha1-jKhGNcTaqQDA05Z6buesYCce5VI=",
      "requires": {
        "tslib": "^1.9.0"
      }
    },
    "tslib": {
      "version": "1.14.1",
      "resolved": "https://bahnhub.tech.rz.db.de:443/artifactory/api/npm/nodejs-npm-3rdparty/tslib/-/tslib-1.14.1.tgz",
      "integrity": "sha1-zy04vcNKE0vK8QkcQfZhni9nLQA="
    },
    "typescript": {
      "version": "2.9.2",
      "resolved": "https://bahnhub.tech.rz.db.de:443/artifactory/api/npm/nodejs-npm-3rdparty/typescript/-/typescript-2.9.2.tgz",
      "integrity": "sha1-HL9h0F1rliaSROtqO85L2RTg8Aw="
    }
  }
}
